// !$*UTF8*$!
{
	archiveVersion = 1;
	classes = {
	};
	objectVersion = 55;
	objects = {

/* Begin PBXBuildFile section */
		CF0F583A27C7A72C00E1DF10 /* DiaryCell.swift in Sources */ = {isa = PBXBuildFile; fileRef = CF0F583927C7A72C00E1DF10 /* DiaryCell.swift */; };
		CF0F583C27C7A77800E1DF10 /* StarViewController.swift in Sources */ = {isa = PBXBuildFile; fileRef = CF0F583B27C7A77800E1DF10 /* StarViewController.swift */; };
		CF0F583E27C7A88800E1DF10 /* StarCell.swift in Sources */ = {isa = PBXBuildFile; fileRef = CF0F583D27C7A88800E1DF10 /* StarCell.swift */; };
		CF0F584027C7AA7700E1DF10 /* WriteDiaryViewController.swift in Sources */ = {isa = PBXBuildFile; fileRef = CF0F583F27C7AA7700E1DF10 /* WriteDiaryViewController.swift */; };
		CF0F584227C7AAD700E1DF10 /* DiaryDetailViewController.swift in Sources */ = {isa = PBXBuildFile; fileRef = CF0F584127C7AAD700E1DF10 /* DiaryDetailViewController.swift */; };
		CFA0DF8527C50262002DCEC5 /* AppDelegate.swift in Sources */ = {isa = PBXBuildFile; fileRef = CFA0DF8427C50262002DCEC5 /* AppDelegate.swift */; };
		CFA0DF8727C50262002DCEC5 /* SceneDelegate.swift in Sources */ = {isa = PBXBuildFile; fileRef = CFA0DF8627C50262002DCEC5 /* SceneDelegate.swift */; };
		CFA0DF8927C50262002DCEC5 /* ViewController.swift in Sources */ = {isa = PBXBuildFile; fileRef = CFA0DF8827C50262002DCEC5 /* ViewController.swift */; };
		CFA0DF8C27C50262002DCEC5 /* Main.storyboard in Resources */ = {isa = PBXBuildFile; fileRef = CFA0DF8A27C50262002DCEC5 /* Main.storyboard */; };
		CFA0DF8E27C50264002DCEC5 /* Assets.xcassets in Resources */ = {isa = PBXBuildFile; fileRef = CFA0DF8D27C50264002DCEC5 /* Assets.xcassets */; };
		CFA0DF9127C50264002DCEC5 /* LaunchScreen.storyboard in Resources */ = {isa = PBXBuildFile; fileRef = CFA0DF8F27C50264002DCEC5 /* LaunchScreen.storyboard */; };
		CFB634AD27CF8FF000F58DA2 /* Diary.swift in Sources */ = {isa = PBXBuildFile; fileRef = CFB634AC27CF8FF000F58DA2 /* Diary.swift */; };
/* End PBXBuildFile section */

/* Begin PBXFileReference section */
		CF0F583927C7A72C00E1DF10 /* DiaryCell.swift */ = {isa = PBXFileReference; lastKnownFileType = sourcecode.swift; path = DiaryCell.swift; sourceTree = "<group>"; };
		CF0F583B27C7A77800E1DF10 /* StarViewController.swift */ = {isa = PBXFileReference; lastKnownFileType = sourcecode.swift; path = StarViewController.swift; sourceTree = "<group>"; };
		CF0F583D27C7A88800E1DF10 /* StarCell.swift */ = {isa = PBXFileReference; lastKnownFileType = sourcecode.swift; path = StarCell.swift; sourceTree = "<group>"; };
		CF0F583F27C7AA7700E1DF10 /* WriteDiaryViewController.swift */ = {isa = PBXFileReference; lastKnownFileType = sourcecode.swift; path = WriteDiaryViewController.swift; sourceTree = "<group>"; };
		CF0F584127C7AAD700E1DF10 /* DiaryDetailViewController.swift */ = {isa = PBXFileReference; lastKnownFileType = sourcecode.swift; path = DiaryDetailViewController.swift; sourceTree = "<group>"; };
		CFA0DF8127C50262002DCEC5 /* Diary.app */ = {isa = PBXFileReference; explicitFileType = wrapper.application; includeInIndex = 0; path = Diary.app; sourceTree = BUILT_PRODUCTS_DIR; };
		CFA0DF8427C50262002DCEC5 /* AppDelegate.swift */ = {isa = PBXFileReference; lastKnownFileType = sourcecode.swift; path = AppDelegate.swift; sourceTree = "<group>"; };
		CFA0DF8627C50262002DCEC5 /* SceneDelegate.swift */ = {isa = PBXFileReference; lastKnownFileType = sourcecode.swift; path = SceneDelegate.swift; sourceTree = "<group>"; };
		CFA0DF8827C50262002DCEC5 /* ViewController.swift */ = {isa = PBXFileReference; lastKnownFileType = sourcecode.swift; path = ViewController.swift; sourceTree = "<group>"; };
		CFA0DF8B27C50262002DCEC5 /* Base */ = {isa = PBXFileReference; lastKnownFileType = file.storyboard; name = Base; path = Base.lproj/Main.storyboard; sourceTree = "<group>"; };
		CFA0DF8D27C50264002DCEC5 /* Assets.xcassets */ = {isa = PBXFileReference; lastKnownFileType = folder.assetcatalog; path = Assets.xcassets; sourceTree = "<group>"; };
		CFA0DF9027C50264002DCEC5 /* Base */ = {isa = PBXFileReference; lastKnownFileType = file.storyboard; name = Base; path = Base.lproj/LaunchScreen.storyboard; sourceTree = "<group>"; };
		CFA0DF9227C50264002DCEC5 /* Info.plist */ = {isa = PBXFileReference; lastKnownFileType = text.plist.xml; path = Info.plist; sourceTree = "<group>"; };
		CFB634AC27CF8FF000F58DA2 /* Diary.swift */ = {isa = PBXFileReference; lastKnownFileType = sourcecode.swift; path = Diary.swift; sourceTree = "<group>"; };
/* End PBXFileReference section */

/* Begin PBXFrameworksBuildPhase section */
		CFA0DF7E27C50262002DCEC5 /* Frameworks */ = {
			isa = PBXFrameworksBuildPhase;
			buildActionMask = 2147483647;
			files = (
			);
			runOnlyForDeploymentPostprocessing = 0;
		};
/* End PBXFrameworksBuildPhase section */

/* Begin PBXGroup section */
		CFA0DF7827C50262002DCEC5 = {
			isa = PBXGroup;
			children = (
				CFA0DF8327C50262002DCEC5 /* Diary */,
				CFA0DF8227C50262002DCEC5 /* Products */,
			);
			sourceTree = "<group>";
		};
		CFA0DF8227C50262002DCEC5 /* Products */ = {
			isa = PBXGroup;
			children = (
				CFA0DF8127C50262002DCEC5 /* Diary.app */,
			);
			name = Products;
			sourceTree = "<group>";
		};
		CFA0DF8327C50262002DCEC5 /* Diary */ = {
			isa = PBXGroup;
			children = (
				CFA0DF8427C50262002DCEC5 /* AppDelegate.swift */,
				CFA0DF8627C50262002DCEC5 /* SceneDelegate.swift */,
				CFA0DF8827C50262002DCEC5 /* ViewController.swift */,
				CFA0DF8A27C50262002DCEC5 /* Main.storyboard */,
				CFA0DF8D27C50264002DCEC5 /* Assets.xcassets */,
				CFA0DF8F27C50264002DCEC5 /* LaunchScreen.storyboard */,
				CFA0DF9227C50264002DCEC5 /* Info.plist */,
				CF0F583927C7A72C00E1DF10 /* DiaryCell.swift */,
				CF0F583B27C7A77800E1DF10 /* StarViewController.swift */,
				CF0F583D27C7A88800E1DF10 /* StarCell.swift */,
				CF0F583F27C7AA7700E1DF10 /* WriteDiaryViewController.swift */,
				CF0F584127C7AAD700E1DF10 /* DiaryDetailViewController.swift */,
				CFB634AC27CF8FF000F58DA2 /* Diary.swift */,
			);
			path = Diary;
			sourceTree = "<group>";
		};
/* End PBXGroup section */

/* Begin PBXNativeTarget section */
		CFA0DF8027C50262002DCEC5 /* Diary */ = {
			isa = PBXNativeTarget;
			buildConfigurationList = CFA0DF9527C50264002DCEC5 /* Build configuration list for PBXNativeTarget "Diary" */;
			buildPhases = (
				CFA0DF7D27C50262002DCEC5 /* Sources */,
				CFA0DF7E27C50262002DCEC5 /* Frameworks */,
				CFA0DF7F27C50262002DCEC5 /* Resources */,
			);
			buildRules = (
			);
			dependencies = (
			);
			name = Diary;
			productName = Diary;
			productReference = CFA0DF8127C50262002DCEC5 /* Diary.app */;
			productType = "com.apple.product-type.application";
		};
/* End PBXNativeTarget section */

/* Begin PBXProject section */
		CFA0DF7927C50262002DCEC5 /* Project object */ = {
			isa = PBXProject;
			attributes = {
				BuildIndependentTargetsInParallel = 1;
				LastSwiftUpdateCheck = 1310;
				LastUpgradeCheck = 1310;
				TargetAttributes = {
					CFA0DF8027C50262002DCEC5 = {
						CreatedOnToolsVersion = 13.1;
					};
				};
			};
			buildConfigurationList = CFA0DF7C27C50262002DCEC5 /* Build configuration list for PBXProject "Diary" */;
			compatibilityVersion = "Xcode 13.0";
			developmentRegion = en;
			hasScannedForEncodings = 0;
			knownRegions = (
				en,
				Base,
			);
			mainGroup = CFA0DF7827C50262002DCEC5;
			productRefGroup = CFA0DF8227C50262002DCEC5 /* Products */;
			projectDirPath = "";
			projectRoot = "";
			targets = (
				CFA0DF8027C50262002DCEC5 /* Diary */,
			);
		};
/* End PBXProject section */

/* Begin PBXResourcesBuildPhase section */
		CFA0DF7F27C50262002DCEC5 /* Resources */ = {
			isa = PBXResourcesBuildPhase;
			buildActionMask = 2147483647;
			files = (
				CFA0DF9127C50264002DCEC5 /* LaunchScreen.storyboard in Resources */,
				CFA0DF8E27C50264002DCEC5 /* Assets.xcassets in Resources */,
				CFA0DF8C27C50262002DCEC5 /* Main.storyboard in Resources */,
			);
			runOnlyForDeploymentPostprocessing = 0;
		};
/* End PBXResourcesBuildPhase section */

/* Begin PBXSourcesBuildPhase section */
		CFA0DF7D27C50262002DCEC5 /* Sources */ = {
			isa = PBXSourcesBuildPhase;
			buildActionMask = 2147483647;
			files = (
				CFA0DF8927C50262002DCEC5 /* ViewController.swift in Sources */,
				CF0F584027C7AA7700E1DF10 /* WriteDiaryViewController.swift in Sources */,
				CF0F583E27C7A88800E1DF10 /* StarCell.swift in Sources */,
				CFA0DF8527C50262002DCEC5 /* AppDelegate.swift in Sources */,
				CFA0DF8727C50262002DCEC5 /* SceneDelegate.swift in Sources */,
				CFB634AD27CF8FF000F58DA2 /* Diary.swift in Sources */,
				CF0F584227C7AAD700E1DF10 /* DiaryDetailViewController.swift in Sources */,
				CF0F583A27C7A72C00E1DF10 /* DiaryCell.swift in Sources */,
				CF0F583C27C7A77800E1DF10 /* StarViewController.swift in Sources */,
			);
			runOnlyForDeploymentPostprocessing = 0;
		};
/* End PBXSourcesBuildPhase section */

/* Begin PBXVariantGroup section */
		CFA0DF8A27C50262002DCEC5 /* Main.storyboard */ = {
			isa = PBXVariantGroup;
			children = (
				CFA0DF8B27C50262002DCEC5 /* Base */,
			);
			name = Main.storyboard;
			sourceTree = "<group>";
		};
		CFA0DF8F27C50264002DCEC5 /* LaunchScreen.storyboard */ = {
			isa = PBXVariantGroup;
			children = (
				CFA0DF9027C50264002DCEC5 /* Base */,
			);
			name = LaunchScreen.storyboard;
			sourceTree = "<group>";
		};
/* End PBXVariantGroup section */

/* Begin XCBuildConfiguration section */
		CFA0DF9327C50264002DCEC5 /* Debug */ = {
			isa = XCBuildConfiguration;
			buildSettings = {
				ALWAYS_SEARCH_USER_PATHS = NO;
				CLANG_ANALYZER_NONNULL = YES;
				CLANG_ANALYZER_NUMBER_OBJECT_CONVERSION = YES_AGGRESSIVE;
				CLANG_CXX_LANGUAGE_STANDARD = "gnu++17";
				CLANG_CXX_LIBRARY = "libc++";
				CLANG_ENABLE_MODULES = YES;
				CLANG_ENABLE_OBJC_ARC = YES;
				CLANG_ENABLE_OBJC_WEAK = YES;
				CLANG_WARN_BLOCK_CAPTURE_AUTORELEASING = YES;
				CLANG_WARN_BOOL_CONVERSION = YES;
				CLANG_WARN_COMMA = YES;
				CLANG_WARN_CONSTANT_CONVERSION = YES;
				CLANG_WARN_DEPRECATED_OBJC_IMPLEMENTATIONS = YES;
				CLANG_WARN_DIRECT_OBJC_ISA_USAGE = YES_ERROR;
				CLANG_WARN_DOCUMENTATION_COMMENTS = YES;
				CLANG_WARN_EMPTY_BODY = YES;
				CLANG_WARN_ENUM_CONVERSION = YES;
				CLANG_WARN_INFINITE_RECURSION = YES;
				CLANG_WARN_INT_CONVERSION = YES;
				CLANG_WARN_NON_LITERAL_NULL_CONVERSION = YES;
				CLANG_WARN_OBJC_IMPLICIT_RETAIN_SELF = YES;
				CLANG_WARN_OBJC_LITERAL_CONVERSION = YES;
				CLANG_WARN_OBJC_ROOT_CLASS = YES_ERROR;
				CLANG_WARN_QUOTED_INCLUDE_IN_FRAMEWORK_HEADER = YES;
				CLANG_WARN_RANGE_LOOP_ANALYSIS = YES;
				CLANG_WARN_STRICT_PROTOTYPES = YES;
				CLANG_WARN_SUSPICIOUS_MOVE = YES;
				CLANG_WARN_UNGUARDED_AVAILABILITY = YES_AGGRESSIVE;
				CLANG_WARN_UNREACHABLE_CODE = YES;
				CLANG_WARN__DUPLICATE_METHOD_MATCH = YES;
				COPY_PHASE_STRIP = NO;
				DEBUG_INFORMATION_FORMAT = dwarf;
				ENABLE_STRICT_OBJC_MSGSEND = YES;
				ENABLE_TESTABILITY = YES;
				GCC_C_LANGUAGE_STANDARD = gnu11;
				GCC_DYNAMIC_NO_PIC = NO;
				GCC_NO_COMMON_BLOCKS = YES;
				GCC_OPTIMIZATION_LEVEL = 0;
				GCC_PREPROCESSOR_DEFINITIONS = (
					"DEBUG=1",
					"$(inherited)",
				);
				GCC_WARN_64_TO_32_BIT_CONVERSION = YES;
				GCC_WARN_ABOUT_RETURN_TYPE = YES_ERROR;
				GCC_WARN_UNDECLARED_SELECTOR = YES;
				GCC_WARN_UNINITIALIZED_AUTOS = YES_AGGRESSIVE;
				GCC_WARN_UNUSED_FUNCTION = YES;
				GCC_WARN_UNUSED_VARIABLE = YES;
				IPHONEOS_DEPLOYMENT_TARGET = 15.0;
				MTL_ENABLE_DEBUG_INFO = INCLUDE_SOURCE;
				MTL_FAST_MATH = YES;
				ONLY_ACTIVE_ARCH = YES;
				SDKROOT = iphoneos;
				SWIFT_ACTIVE_COMPILATION_CONDITIONS = DEBUG;
				SWIFT_OPTIMIZATION_LEVEL = "-Onone";
			};
			name = Debug;
		};
		CFA0DF9427C50264002DCEC5 /* Release */ = {
			isa = XCBuildConfiguration;
			buildSettings = {
				ALWAYS_SEARCH_USER_PATHS = NO;
				CLANG_ANALYZER_NONNULL = YES;
				CLANG_ANALYZER_NUMBER_OBJECT_CONVERSION = YES_AGGRESSIVE;
				CLANG_CXX_LANGUAGE_STANDARD = "gnu++17";
				CLANG_CXX_LIBRARY = "libc++";
				CLANG_ENABLE_MODULES = YES;
				CLANG_ENABLE_OBJC_ARC = YES;
				CLANG_ENABLE_OBJC_WEAK = YES;
				CLANG_WARN_BLOCK_CAPTURE_AUTORELEASING = YES;
				CLANG_WARN_BOOL_CONVERSION = YES;
				CLANG_WARN_COMMA = YES;
				CLANG_WARN_CONSTANT_CONVERSION = YES;
				CLANG_WARN_DEPRECATED_OBJC_IMPLEMENTATIONS = YES;
				CLANG_WARN_DIRECT_OBJC_ISA_USAGE = YES_ERROR;
				CLANG_WARN_DOCUMENTATION_COMMENTS = YES;
				CLANG_WARN_EMPTY_BODY = YES;
				CLANG_WARN_ENUM_CONVERSION = YES;
				CLANG_WARN_INFINITE_RECURSION = YES;
				CLANG_WARN_INT_CONVERSION = YES;
				CLANG_WARN_NON_LITERAL_NULL_CONVERSION = YES;
				CLANG_WARN_OBJC_IMPLICIT_RETAIN_SELF = YES;
				CLANG_WARN_OBJC_LITERAL_CONVERSION = YES;
				CLANG_WARN_OBJC_ROOT_CLASS = YES_ERROR;
				CLANG_WARN_QUOTED_INCLUDE_IN_FRAMEWORK_HEADER = YES;
				CLANG_WARN_RANGE_LOOP_ANALYSIS = YES;
				CLANG_WARN_STRICT_PROTOTYPES = YES;
				CLANG_WARN_SUSPICIOUS_MOVE = YES;
				CLANG_WARN_UNGUARDED_AVAILABILITY = YES_AGGRESSIVE;
				CLANG_WARN_UNREACHABLE_CODE = YES;
				CLANG_WARN__DUPLICATE_METHOD_MATCH = YES;
				COPY_PHASE_STRIP = NO;
				DEBUG_INFORMATION_FORMAT = "dwarf-with-dsym";
				ENABLE_NS_ASSERTIONS = NO;
				ENABLE_STRICT_OBJC_MSGSEND = YES;
				GCC_C_LANGUAGE_STANDARD = gnu11;
				GCC_NO_COMMON_BLOCKS = YES;
				GCC_WARN_64_TO_32_BIT_CONVERSION = YES;
				GCC_WARN_ABOUT_RETURN_TYPE = YES_ERROR;
				GCC_WARN_UNDECLARED_SELECTOR = YES;
				GCC_WARN_UNINITIALIZED_AUTOS = YES_AGGRESSIVE;
				GCC_WARN_UNUSED_FUNCTION = YES;
				GCC_WARN_UNUSED_VARIABLE = YES;
				IPHONEOS_DEPLOYMENT_TARGET = 15.0;
				MTL_ENABLE_DEBUG_INFO = NO;
				MTL_FAST_MATH = YES;
				SDKROOT = iphoneos;
				SWIFT_COMPILATION_MODE = wholemodule;
				SWIFT_OPTIMIZATION_LEVEL = "-O";
				VALIDATE_PRODUCT = YES;
			};
			name = Release;
		};
		CFA0DF9627C50264002DCEC5 /* Debug */ = {
			isa = XCBuildConfiguration;
			buildSettings = {
				ASSETCATALOG_COMPILER_APPICON_NAME = AppIcon;
				ASSETCATALOG_COMPILER_GLOBAL_ACCENT_COLOR_NAME = AccentColor;
				CODE_SIGN_STYLE = Automatic;
				CURRENT_PROJECT_VERSION = 1;
				DEVELOPMENT_TEAM = 55R62292CP;
				GENERATE_INFOPLIST_FILE = YES;
				INFOPLIST_FILE = Diary/Info.plist;
				INFOPLIST_KEY_UIApplicationSupportsIndirectInputEvents = YES;
				INFOPLIST_KEY_UILaunchStoryboardName = LaunchScreen;
				INFOPLIST_KEY_UIMainStoryboardFile = Main;
				INFOPLIST_KEY_UISupportedInterfaceOrientations_iPad = "UIInterfaceOrientationPortrait UIInterfaceOrientationPortraitUpsideDown UIInterfaceOrientationLandscapeLeft UIInterfaceOrientationLandscapeRight";
				INFOPLIST_KEY_UISupportedInterfaceOrientations_iPhone = "UIInterfaceOrientationPortrait UIInterfaceOrientationLandscapeLeft UIInterfaceOrientationLandscapeRight";
				LD_RUNPATH_SEARCH_PATHS = (
					"$(inherited)",
					"@executable_path/Frameworks",
				);
				MARKETING_VERSION = 1.0;
				PRODUCT_BUNDLE_IDENTIFIER = com.seosh.Diary;
				PRODUCT_NAME = "$(TARGET_NAME)";
				SWIFT_EMIT_LOC_STRINGS = YES;
				SWIFT_VERSION = 5.0;
				TARGETED_DEVICE_FAMILY = "1,2";
			};
			name = Debug;
		};
		CFA0DF9727C50264002DCEC5 /* Release */ = {
			isa = XCBuildConfiguration;
			buildSettings = {
				ASSETCATALOG_COMPILER_APPICON_NAME = AppIcon;
				ASSETCATALOG_COMPILER_GLOBAL_ACCENT_COLOR_NAME = AccentColor;
				CODE_SIGN_STYLE = Automatic;
				CURRENT_PROJECT_VERSION = 1;
				DEVELOPMENT_TEAM = 55R62292CP;
				GENERATE_INFOPLIST_FILE = YES;
				INFOPLIST_FILE = Diary/Info.plist;
				INFOPLIST_KEY_UIApplicationSupportsIndirectInputEvents = YES;
				INFOPLIST_KEY_UILaunchStoryboardName = LaunchScreen;
				INFOPLIST_KEY_UIMainStoryboardFile = Main;
				INFOPLIST_KEY_UISupportedInterfaceOrientations_iPad = "UIInterfaceOrientationPortrait UIInterfaceOrientationPortraitUpsideDown UIInterfaceOrientationLandscapeLeft UIInterfaceOrientationLandscapeRight";
				INFOPLIST_KEY_UISupportedInterfaceOrientations_iPhone = "UIInterfaceOrientationPortrait UIInterfaceOrientationLandscapeLeft UIInterfaceOrientationLandscapeRight";
				LD_RUNPATH_SEARCH_PATHS = (
					"$(inherited)",
					"@executable_path/Frameworks",
				);
				MARKETING_VERSION = 1.0;
				PRODUCT_BUNDLE_IDENTIFIER = com.seosh.Diary;
				PRODUCT_NAME = "$(TARGET_NAME)";
				SWIFT_EMIT_LOC_STRINGS = YES;
				SWIFT_VERSION = 5.0;
				TARGETED_DEVICE_FAMILY = "1,2";
			};
			name = Release;
		};
/* End XCBuildConfiguration section */

/* Begin XCConfigurationList section */
		CFA0DF7C27C50262002DCEC5 /* Build configuration list for PBXProject "Diary" */ = {
			isa = XCConfigurationList;
			buildConfigurations = (
				CFA0DF9327C50264002DCEC5 /* Debug */,
				CFA0DF9427C50264002DCEC5 /* Release */,
			);
			defaultConfigurationIsVisible = 0;
			defaultConfigurationName = Release;
		};
		CFA0DF9527C50264002DCEC5 /* Build configuration list for PBXNativeTarget "Diary" */ = {
			isa = XCConfigurationList;
			buildConfigurations = (
				CFA0DF9627C50264002DCEC5 /* Debug */,
				CFA0DF9727C50264002DCEC5 /* Release */,
			);
			defaultConfigurationIsVisible = 0;
			defaultConfigurationName = Release;
		};
/* End XCConfigurationList section */
	};
	rootObject = CFA0DF7927C50262002DCEC5 /* Project object */;
}
